
Microsoft Visual Studio Solution File, Format Version 12.00
# Visual Studio 14
VisualStudioVersion = 14.0.25123.0
MinimumVisualStudioVersion = 10.0.40219.1
Project("{8BC9CEB8-8B4A-11D0-8D11-00A0C91BC942}") = "160526_CopyConstructor", "160526_CopyConstructor\160526_CopyConstructor.vcxproj", "{056A7FE5-97D8-495D-9E78-D750C13E7E60}"
EndProject
Project("{8BC9CEB8-8B4A-11D0-8D11-00A0C91BC942}") = "CopyCtor", "..\ConsoleApplication1\ConsoleApplication1\ConsoleApplication1.vcxproj", "{2CED47F3-C781-4F27-B7C6-391E919F16D6}"
EndProject
Project("{8BC9CEB8-8B4A-11D0-8D11-00A0C91BC942}") = "ReDefinition", "ReDefinition\ReDefinition.vcxproj", "{4D9DAAD0-0D35-40F0-BE9E-37028EB9BF22}"
EndProject
Global
	GlobalSection(SolutionConfigurationPlatforms) = preSolution
		Debug|x64 = Debug|x64
		Debug|x86 = Debug|x86
		Release|x64 = Release|x64
		Release|x86 = Release|x86
	EndGlobalSection
	GlobalSection(ProjectConfigurationPlatforms) = postSolution
		{056A7FE5-97D8-495D-9E78-D750C13E7E60}.Debug|x64.ActiveCfg = Debug|x64
		{056A7FE5-97D8-495D-9E78-D750C13E7E60}.Debug|x64.Build.0 = Debug|x64
		{056A7FE5-97D8-495D-9E78-D750C13E7E60}.Debug|x86.ActiveCfg = Debug|Win32
		{056A7FE5-97D8-495D-9E78-D750C13E7E60}.Debug|x86.Build.0 = Debug|Win32
		{056A7FE5-97D8-495D-9E78-D750C13E7E60}.Release|x64.ActiveCfg = Release|x64
		{056A7FE5-97D8-495D-9E78-D750C13E7E60}.Release|x64.Build.0 = Release|x64
		{056A7FE5-97D8-495D-9E78-D750C13E7E60}.Release|x86.ActiveCfg = Release|Win32
		{056A7FE5-97D8-495D-9E78-D750C13E7E60}.Release|x86.Build.0 = Release|Win32
		{2CED47F3-C781-4F27-B7C6-391E919F16D6}.Debug|x64.ActiveCfg = Debug|x64
		{2CED47F3-C781-4F27-B7C6-391E919F16D6}.Debug|x64.Build.0 = Debug|x64
		{2CED47F3-C781-4F27-B7C6-391E919F16D6}.Debug|x86.ActiveCfg = Debug|Win32
		{2CED47F3-C781-4F27-B7C6-391E919F16D6}.Debug|x86.Build.0 = Debug|Win32
		{2CED47F3-C781-4F27-B7C6-391E919F16D6}.Release|x64.ActiveCfg = Release|x64
		{2CED47F3-C781-4F27-B7C6-391E919F16D6}.Release|x64.Build.0 = Release|x64
		{2CED47F3-C781-4F27-B7C6-391E919F16D6}.Release|x86.ActiveCfg = Release|Win32
		{2CED47F3-C781-4F27-B7C6-391E919F16D6}.Release|x86.Build.0 = Release|Win32
		{4D9DAAD0-0D35-40F0-BE9E-37028EB9BF22}.Debug|x64.ActiveCfg = Debug|x64
		{4D9DAAD0-0D35-40F0-BE9E-37028EB9BF22}.Debug|x64.Build.0 = Debug|x64
		{4D9DAAD0-0D35-40F0-BE9E-37028EB9BF22}.Debug|x86.ActiveCfg = Debug|Win32
		{4D9DAAD0-0D35-40F0-BE9E-37028EB9BF22}.Debug|x86.Build.0 = Debug|Win32
		{4D9DAAD0-0D35-40F0-BE9E-37028EB9BF22}.Release|x64.ActiveCfg = Release|x64
		{4D9DAAD0-0D35-40F0-BE9E-37028EB9BF22}.Release|x64.Build.0 = Release|x64
		{4D9DAAD0-0D35-40F0-BE9E-37028EB9BF22}.Release|x86.ActiveCfg = Release|Win32
		{4D9DAAD0-0D35-40F0-BE9E-37028EB9BF22}.Release|x86.Build.0 = Release|Win32
	EndGlobalSection
	GlobalSection(SolutionProperties) = preSolution
		HideSolutionNode = FALSE
	EndGlobalSection
EndGlobal
